
Microsoft Visual Studio Solution File, Format Version 12.00
# Visual Studio Version 17
VisualStudioVersion = 17.5.33516.290
MinimumVisualStudioVersion = 10.0.40219.1
Project("{FAE04EC0-301F-11D3-BF4B-00C04F79EFBC}") = "Lab9", "Lab9\Lab9.csproj", "{8AEBDB87-BFAF-49DA-BBC1-6A86546CC586}"
EndProject
Global
	GlobalSection(SolutionConfigurationPlatforms) = preSolution
		Debug|Any CPU = Debug|Any CPU
		Release|Any CPU = Release|Any CPU
	EndGlobalSection
	GlobalSection(ProjectConfigurationPlatforms) = postSolution
		{8AEBDB87-BFAF-49DA-BBC1-6A86546CC586}.Debug|Any CPU.ActiveCfg = Debug|Any CPU
		{8AEBDB87-BFAF-49DA-BBC1-6A86546CC586}.Debug|Any CPU.Build.0 = Debug|Any CPU
		{8AEBDB87-BFAF-49DA-BBC1-6A86546CC586}.Release|Any CPU.ActiveCfg = Release|Any CPU
		{8AEBDB87-BFAF-49DA-BBC1-6A86546CC586}.Release|Any CPU.Build.0 = Release|Any CPU
	EndGlobalSection
	GlobalSection(SolutionProperties) = preSolution
		HideSolutionNode = FALSE
	EndGlobalSection
	GlobalSection(ExtensibilityGlobals) = postSolution
		SolutionGuid = {611922E6-71A4-47B3-8461-0B2C9695A9EC}
	EndGlobalSection
EndGlobal
